
Microsoft Visual Studio Solution File, Format Version 12.00
# Visual Studio Version 17
VisualStudioVersion = 17.5.002.0
MinimumVisualStudioVersion = 10.0.40219.1
Project("{2150E333-8FDC-42A3-9474-1A3956D46DE8}") = "csharp-prep", "csharp-prep", "{08BED125-F225-482B-916A-2BCA06D69368}"
EndProject
Project("{9A19103F-16F7-4668-BE54-9A1E7A4F7556}") = "Prep1", "csharp-prep\Prep1\Prep1.csproj", "{37EBF309-9B5D-46F3-BC57-243E2E7F168D}"
EndProject
Project("{9A19103F-16F7-4668-BE54-9A1E7A4F7556}") = "Prep2", "csharp-prep\Prep2\Prep2.csproj", "{D6F71D84-18FF-4C18-A77E-118EEB245CFA}"
EndProject
Project("{9A19103F-16F7-4668-BE54-9A1E7A4F7556}") = "Prep3", "csharp-prep\Prep3\Prep3.csproj", "{3440E13E-7EED-4867-8179-C194AC3A4E81}"
EndProject
Project("{9A19103F-16F7-4668-BE54-9A1E7A4F7556}") = "Prep4", "csharp-prep\Prep4\Prep4.csproj", "{944C59AE-E6BB-442E-B001-3D72BC505761}"
EndProject
Project("{9A19103F-16F7-4668-BE54-9A1E7A4F7556}") = "Prep5", "csharp-prep\Prep5\Prep5.csproj", "{20E5D92D-E978-44A2-90BB-3E347C38A42B}"
EndProject
Project("{2150E333-8FDC-42A3-9474-1A3956D46DE8}") = "final", "final", "{15BCCE65-1EC3-4B7E-BD23-998C5F9E6489}"
EndProject
Project("{9A19103F-16F7-4668-BE54-9A1E7A4F7556}") = "FinalProject", "final\FinalProject\FinalProject.csproj", "{0414A6A8-D846-46E2-9231-4ECCB7E1CBA4}"
EndProject
Project("{9A19103F-16F7-4668-BE54-9A1E7A4F7556}") = "Foundation1", "final\Foundation1\Foundation1.csproj", "{00B3DF4C-915E-43BD-86DD-CC0DF7E67F75}"
EndProject
Project("{9A19103F-16F7-4668-BE54-9A1E7A4F7556}") = "Foundation2", "final\Foundation2\Foundation2.csproj", "{3756350E-975D-4FD3-85A6-D5124B0077CE}"
EndProject
Project("{9A19103F-16F7-4668-BE54-9A1E7A4F7556}") = "Foundation3", "final\Foundation3\Foundation3.csproj", "{81963223-7BDD-45D2-90AD-CD5700A11AFF}"
EndProject
Project("{9A19103F-16F7-4668-BE54-9A1E7A4F7556}") = "Foundation4", "final\Foundation4\Foundation4.csproj", "{DBC6441A-5C13-473B-8216-54CD28792E15}"
EndProject
Project("{2150E333-8FDC-42A3-9474-1A3956D46DE8}") = "prepare", "prepare", "{59973B61-0693-44BD-9D1C-71F07BBB87A4}"
EndProject
Project("{9A19103F-16F7-4668-BE54-9A1E7A4F7556}") = "Learning01", "prepare\Learning01\Learning01.csproj", "{8521406A-A4C1-40F4-A4A6-DFA26DF1BB03}"
EndProject
Project("{9A19103F-16F7-4668-BE54-9A1E7A4F7556}") = "Learning02", "prepare\Learning02\Learning02.csproj", "{B8AF8BEE-EC6B-4957-ABD2-A3386E396E20}"
EndProject
Project("{9A19103F-16F7-4668-BE54-9A1E7A4F7556}") = "Learning03", "prepare\Learning03\Learning03.csproj", "{A6B78B2D-C017-479F-B101-6AB4B2A02991}"
EndProject
Project("{9A19103F-16F7-4668-BE54-9A1E7A4F7556}") = "Learning04", "prepare\Learning04\Learning04.csproj", "{E4735B59-3829-4CF6-8377-9D1FC276C2DC}"
EndProject
Project("{9A19103F-16F7-4668-BE54-9A1E7A4F7556}") = "Learning05", "prepare\Learning05\Learning05.csproj", "{1326669E-9FB9-4FB8-9727-4AE4C9F1CFC6}"
EndProject
Project("{2150E333-8FDC-42A3-9474-1A3956D46DE8}") = "prove", "prove", "{0563FEA3-BA41-425C-B831-4E460878B59F}"
EndProject
Project("{9A19103F-16F7-4668-BE54-9A1E7A4F7556}") = "Develop02", "prove\Develop02\Develop02.csproj", "{C2CBB942-7F35-4E2F-8735-3110EFD04081}"
EndProject
Project("{9A19103F-16F7-4668-BE54-9A1E7A4F7556}") = "Develop03", "prove\Develop03\Develop03.csproj", "{F40C6BF6-5DAF-4248-A2DD-80A064501432}"
EndProject
Project("{9A19103F-16F7-4668-BE54-9A1E7A4F7556}") = "Develop04", "prove\Develop04\Develop04.csproj", "{D8C0A9A3-C4A5-42E3-B2B3-92158A0A946E}"
EndProject
Project("{9A19103F-16F7-4668-BE54-9A1E7A4F7556}") = "Develop05", "prove\Develop05\Develop05.csproj", "{2AE49DD7-B0BF-4BD6-89BC-94FAE1D56078}"
EndProject
Project("{2150E333-8FDC-42A3-9474-1A3956D46DE8}") = "sandbox", "sandbox", "{7B393453-9C4E-445E-9269-F9B613C77E1E}"
EndProject
Project("{9A19103F-16F7-4668-BE54-9A1E7A4F7556}") = "Sandbox", "sandbox\Sandbox\Sandbox.csproj", "{17855367-B786-45EE-9D1B-FB1EF1C6AE52}"
EndProject
Global
	GlobalSection(SolutionConfigurationPlatforms) = preSolution
		Debug|Any CPU = Debug|Any CPU
		Release|Any CPU = Release|Any CPU
	EndGlobalSection
	GlobalSection(ProjectConfigurationPlatforms) = postSolution
		{37EBF309-9B5D-46F3-BC57-243E2E7F168D}.Debug|Any CPU.ActiveCfg = Debug|Any CPU
		{37EBF309-9B5D-46F3-BC57-243E2E7F168D}.Debug|Any CPU.Build.0 = Debug|Any CPU
		{37EBF309-9B5D-46F3-BC57-243E2E7F168D}.Release|Any CPU.ActiveCfg = Release|Any CPU
		{37EBF309-9B5D-46F3-BC57-243E2E7F168D}.Release|Any CPU.Build.0 = Release|Any CPU
		{D6F71D84-18FF-4C18-A77E-118EEB245CFA}.Debug|Any CPU.ActiveCfg = Debug|Any CPU
		{D6F71D84-18FF-4C18-A77E-118EEB245CFA}.Debug|Any CPU.Build.0 = Debug|Any CPU
		{D6F71D84-18FF-4C18-A77E-118EEB245CFA}.Release|Any CPU.ActiveCfg = Release|Any CPU
		{D6F71D84-18FF-4C18-A77E-118EEB245CFA}.Release|Any CPU.Build.0 = Release|Any CPU
		{3440E13E-7EED-4867-8179-C194AC3A4E81}.Debug|Any CPU.ActiveCfg = Debug|Any CPU
		{3440E13E-7EED-4867-8179-C194AC3A4E81}.Debug|Any CPU.Build.0 = Debug|Any CPU
		{3440E13E-7EED-4867-8179-C194AC3A4E81}.Release|Any CPU.ActiveCfg = Release|Any CPU
		{3440E13E-7EED-4867-8179-C194AC3A4E81}.Release|Any CPU.Build.0 = Release|Any CPU
		{944C59AE-E6BB-442E-B001-3D72BC505761}.Debug|Any CPU.ActiveCfg = Debug|Any CPU
		{944C59AE-E6BB-442E-B001-3D72BC505761}.Debug|Any CPU.Build.0 = Debug|Any CPU
		{944C59AE-E6BB-442E-B001-3D72BC505761}.Release|Any CPU.ActiveCfg = Release|Any CPU
		{944C59AE-E6BB-442E-B001-3D72BC505761}.Release|Any CPU.Build.0 = Release|Any CPU
		{20E5D92D-E978-44A2-90BB-3E347C38A42B}.Debug|Any CPU.ActiveCfg = Debug|Any CPU
		{20E5D92D-E978-44A2-90BB-3E347C38A42B}.Debug|Any CPU.Build.0 = Debug|Any CPU
		{20E5D92D-E978-44A2-90BB-3E347C38A42B}.Release|Any CPU.ActiveCfg = Release|Any CPU
		{20E5D92D-E978-44A2-90BB-3E347C38A42B}.Release|Any CPU.Build.0 = Release|Any CPU
		{0414A6A8-D846-46E2-9231-4ECCB7E1CBA4}.Debug|Any CPU.ActiveCfg = Debug|Any CPU
		{0414A6A8-D846-46E2-9231-4ECCB7E1CBA4}.Debug|Any CPU.Build.0 = Debug|Any CPU
		{0414A6A8-D846-46E2-9231-4ECCB7E1CBA4}.Release|Any CPU.ActiveCfg = Release|Any CPU
		{0414A6A8-D846-46E2-9231-4ECCB7E1CBA4}.Release|Any CPU.Build.0 = Release|Any CPU
		{00B3DF4C-915E-43BD-86DD-CC0DF7E67F75}.Debug|Any CPU.ActiveCfg = Debug|Any CPU
		{00B3DF4C-915E-43BD-86DD-CC0DF7E67F75}.Debug|Any CPU.Build.0 = Debug|Any CPU
		{00B3DF4C-915E-43BD-86DD-CC0DF7E67F75}.Release|Any CPU.ActiveCfg = Release|Any CPU
		{00B3DF4C-915E-43BD-86DD-CC0DF7E67F75}.Release|Any CPU.Build.0 = Release|Any CPU
		{3756350E-975D-4FD3-85A6-D5124B0077CE}.Debug|Any CPU.ActiveCfg = Debug|Any CPU
		{3756350E-975D-4FD3-85A6-D5124B0077CE}.Debug|Any CPU.Build.0 = Debug|Any CPU
		{3756350E-975D-4FD3-85A6-D5124B0077CE}.Release|Any CPU.ActiveCfg = Release|Any CPU
		{3756350E-975D-4FD3-85A6-D5124B0077CE}.Release|Any CPU.Build.0 = Release|Any CPU
		{81963223-7BDD-45D2-90AD-CD5700A11AFF}.Debug|Any CPU.ActiveCfg = Debug|Any CPU
		{81963223-7BDD-45D2-90AD-CD5700A11AFF}.Debug|Any CPU.Build.0 = Debug|Any CPU
		{81963223-7BDD-45D2-90AD-CD5700A11AFF}.Release|Any CPU.ActiveCfg = Release|Any CPU
		{81963223-7BDD-45D2-90AD-CD5700A11AFF}.Release|Any CPU.Build.0 = Release|Any CPU
		{DBC6441A-5C13-473B-8216-54CD28792E15}.Debug|Any CPU.ActiveCfg = Debug|Any CPU
		{DBC6441A-5C13-473B-8216-54CD28792E15}.Debug|Any CPU.Build.0 = Debug|Any CPU
		{DBC6441A-5C13-473B-8216-54CD28792E15}.Release|Any CPU.ActiveCfg = Release|Any CPU
		{DBC6441A-5C13-473B-8216-54CD28792E15}.Release|Any CPU.Build.0 = Release|Any CPU
		{8521406A-A4C1-40F4-A4A6-DFA26DF1BB03}.Debug|Any CPU.ActiveCfg = Debug|Any CPU
		{8521406A-A4C1-40F4-A4A6-DFA26DF1BB03}.Debug|Any CPU.Build.0 = Debug|Any CPU
		{8521406A-A4C1-40F4-A4A6-DFA26DF1BB03}.Release|Any CPU.ActiveCfg = Release|Any CPU
		{8521406A-A4C1-40F4-A4A6-DFA26DF1BB03}.Release|Any CPU.Build.0 = Release|Any CPU
		{B8AF8BEE-EC6B-4957-ABD2-A3386E396E20}.Debug|Any CPU.ActiveCfg = Debug|Any CPU
		{B8AF8BEE-EC6B-4957-ABD2-A3386E396E20}.Debug|Any CPU.Build.0 = Debug|Any CPU
		{B8AF8BEE-EC6B-4957-ABD2-A3386E396E20}.Release|Any CPU.ActiveCfg = Release|Any CPU
		{B8AF8BEE-EC6B-4957-ABD2-A3386E396E20}.Release|Any CPU.Build.0 = Release|Any CPU
		{A6B78B2D-C017-479F-B101-6AB4B2A02991}.Debug|Any CPU.ActiveCfg = Debug|Any CPU
		{A6B78B2D-C017-479F-B101-6AB4B2A02991}.Debug|Any CPU.Build.0 = Debug|Any CPU
		{A6B78B2D-C017-479F-B101-6AB4B2A02991}.Release|Any CPU.ActiveCfg = Release|Any CPU
		{A6B78B2D-C017-479F-B101-6AB4B2A02991}.Release|Any CPU.Build.0 = Release|Any CPU
		{E4735B59-3829-4CF6-8377-9D1FC276C2DC}.Debug|Any CPU.ActiveCfg = Debug|Any CPU
		{E4735B59-3829-4CF6-8377-9D1FC276C2DC}.Debug|Any CPU.Build.0 = Debug|Any CPU
		{E4735B59-3829-4CF6-8377-9D1FC276C2DC}.Release|Any CPU.ActiveCfg = Release|Any CPU
		{E4735B59-3829-4CF6-8377-9D1FC276C2DC}.Release|Any CPU.Build.0 = Release|Any CPU
		{1326669E-9FB9-4FB8-9727-4AE4C9F1CFC6}.Debug|Any CPU.ActiveCfg = Debug|Any CPU
		{1326669E-9FB9-4FB8-9727-4AE4C9F1CFC6}.Debug|Any CPU.Build.0 = Debug|Any CPU
		{1326669E-9FB9-4FB8-9727-4AE4C9F1CFC6}.Release|Any CPU.ActiveCfg = Release|Any CPU
		{1326669E-9FB9-4FB8-9727-4AE4C9F1CFC6}.Release|Any CPU.Build.0 = Release|Any CPU
		{C2CBB942-7F35-4E2F-8735-3110EFD04081}.Debug|Any CPU.ActiveCfg = Debug|Any CPU
		{C2CBB942-7F35-4E2F-8735-3110EFD04081}.Debug|Any CPU.Build.0 = Debug|Any CPU
		{C2CBB942-7F35-4E2F-8735-3110EFD04081}.Release|Any CPU.ActiveCfg = Release|Any CPU
		{C2CBB942-7F35-4E2F-8735-3110EFD04081}.Release|Any CPU.Build.0 = Release|Any CPU
		{F40C6BF6-5DAF-4248-A2DD-80A064501432}.Debug|Any CPU.ActiveCfg = Debug|Any CPU
		{F40C6BF6-5DAF-4248-A2DD-80A064501432}.Debug|Any CPU.Build.0 = Debug|Any CPU
		{F40C6BF6-5DAF-4248-A2DD-80A064501432}.Release|Any CPU.ActiveCfg = Release|Any CPU
		{F40C6BF6-5DAF-4248-A2DD-80A064501432}.Release|Any CPU.Build.0 = Release|Any CPU
		{D8C0A9A3-C4A5-42E3-B2B3-92158A0A946E}.Debug|Any CPU.ActiveCfg = Debug|Any CPU
		{D8C0A9A3-C4A5-42E3-B2B3-92158A0A946E}.Debug|Any CPU.Build.0 = Debug|Any CPU
		{D8C0A9A3-C4A5-42E3-B2B3-92158A0A946E}.Release|Any CPU.ActiveCfg = Release|Any CPU
		{D8C0A9A3-C4A5-42E3-B2B3-92158A0A946E}.Release|Any CPU.Build.0 = Release|Any CPU
		{2AE49DD7-B0BF-4BD6-89BC-94FAE1D56078}.Debug|Any CPU.ActiveCfg = Debug|Any CPU
		{2AE49DD7-B0BF-4BD6-89BC-94FAE1D56078}.Debug|Any CPU.Build.0 = Debug|Any CPU
		{2AE49DD7-B0BF-4BD6-89BC-94FAE1D56078}.Release|Any CPU.ActiveCfg = Release|Any CPU
		{2AE49DD7-B0BF-4BD6-89BC-94FAE1D56078}.Release|Any CPU.Build.0 = Release|Any CPU
		{17855367-B786-45EE-9D1B-FB1EF1C6AE52}.Debug|Any CPU.ActiveCfg = Debug|Any CPU
		{17855367-B786-45EE-9D1B-FB1EF1C6AE52}.Debug|Any CPU.Build.0 = Debug|Any CPU
		{17855367-B786-45EE-9D1B-FB1EF1C6AE52}.Release|Any CPU.ActiveCfg = Release|Any CPU
		{17855367-B786-45EE-9D1B-FB1EF1C6AE52}.Release|Any CPU.Build.0 = Release|Any CPU
	EndGlobalSection
	GlobalSection(SolutionProperties) = preSolution
		HideSolutionNode = FALSE
	EndGlobalSection
	GlobalSection(NestedProjects) = preSolution
		{37EBF309-9B5D-46F3-BC57-243E2E7F168D} = {08BED125-F225-482B-916A-2BCA06D69368}
		{D6F71D84-18FF-4C18-A77E-118EEB245CFA} = {08BED125-F225-482B-916A-2BCA06D69368}
		{3440E13E-7EED-4867-8179-C194AC3A4E81} = {08BED125-F225-482B-916A-2BCA06D69368}
		{944C59AE-E6BB-442E-B001-3D72BC505761} = {08BED125-F225-482B-916A-2BCA06D69368}
		{20E5D92D-E978-44A2-90BB-3E347C38A42B} = {08BED125-F225-482B-916A-2BCA06D69368}
		{0414A6A8-D846-46E2-9231-4ECCB7E1CBA4} = {15BCCE65-1EC3-4B7E-BD23-998C5F9E6489}
		{00B3DF4C-915E-43BD-86DD-CC0DF7E67F75} = {15BCCE65-1EC3-4B7E-BD23-998C5F9E6489}
		{3756350E-975D-4FD3-85A6-D5124B0077CE} = {15BCCE65-1EC3-4B7E-BD23-998C5F9E6489}
		{81963223-7BDD-45D2-90AD-CD5700A11AFF} = {15BCCE65-1EC3-4B7E-BD23-998C5F9E6489}
		{DBC6441A-5C13-473B-8216-54CD28792E15} = {15BCCE65-1EC3-4B7E-BD23-998C5F9E6489}
		{8521406A-A4C1-40F4-A4A6-DFA26DF1BB03} = {59973B61-0693-44BD-9D1C-71F07BBB87A4}
		{B8AF8BEE-EC6B-4957-ABD2-A3386E396E20} = {59973B61-0693-44BD-9D1C-71F07BBB87A4}
		{A6B78B2D-C017-479F-B101-6AB4B2A02991} = {59973B61-0693-44BD-9D1C-71F07BBB87A4}
		{E4735B59-3829-4CF6-8377-9D1FC276C2DC} = {59973B61-0693-44BD-9D1C-71F07BBB87A4}
		{1326669E-9FB9-4FB8-9727-4AE4C9F1CFC6} = {59973B61-0693-44BD-9D1C-71F07BBB87A4}
		{C2CBB942-7F35-4E2F-8735-3110EFD04081} = {0563FEA3-BA41-425C-B831-4E460878B59F}
		{F40C6BF6-5DAF-4248-A2DD-80A064501432} = {0563FEA3-BA41-425C-B831-4E460878B59F}
		{D8C0A9A3-C4A5-42E3-B2B3-92158A0A946E} = {0563FEA3-BA41-425C-B831-4E460878B59F}
		{2AE49DD7-B0BF-4BD6-89BC-94FAE1D56078} = {0563FEA3-BA41-425C-B831-4E460878B59F}
		{17855367-B786-45EE-9D1B-FB1EF1C6AE52} = {7B393453-9C4E-445E-9269-F9B613C77E1E}
	EndGlobalSection
	GlobalSection(ExtensibilityGlobals) = postSolution
		SolutionGuid = {08B4F727-4989-46D5-B9EB-4513400729CE}
	EndGlobalSection
EndGlobal
